
Microsoft Visual Studio Solution File, Format Version 12.00
# Visual Studio Version 16
VisualStudioVersion = 16.0.29306.81
MinimumVisualStudioVersion = 10.0.40219.1
Project("{FAE04EC0-301F-11D3-BF4B-00C04F79EFBC}") = "DumpTableData", "DumpTableData\DumpTableData.csproj", "{3F3F568E-26AA-445E-8944-65D7682882E6}"
EndProject
Global
	GlobalSection(SolutionConfigurationPlatforms) = preSolution
		Debug|Any CPU = Debug|Any CPU
		Release|Any CPU = Release|Any CPU
	EndGlobalSection
	GlobalSection(ProjectConfigurationPlatforms) = postSolution
		{3F3F568E-26AA-445E-8944-65D7682882E6}.Debug|Any CPU.ActiveCfg = Debug|Any CPU
		{3F3F568E-26AA-445E-8944-65D7682882E6}.Debug|Any CPU.Build.0 = Debug|Any CPU
		{3F3F568E-26AA-445E-8944-65D7682882E6}.Release|Any CPU.ActiveCfg = Release|Any CPU
		{3F3F568E-26AA-445E-8944-65D7682882E6}.Release|Any CPU.Build.0 = Release|Any CPU
	EndGlobalSection
	GlobalSection(SolutionProperties) = preSolution
		HideSolutionNode = FALSE
	EndGlobalSection
	GlobalSection(ExtensibilityGlobals) = postSolution
		SolutionGuid = {A2D4AAC6-4E88-4345-88DB-15EAF064DE62}
	EndGlobalSection
EndGlobal
